Microsoft Visual Studio Solution File, Format Version 12.00
# Visual Studio Version 17
VisualStudioVersion = 17.6.33815.320
MinimumVisualStudioVersion = 10.0.40219.1
Project("{8BC9CEB8-8B4A-11D0-8D11-00A0C91BC942}") = "fNETLib", "fMCLib\fMCLib.vcxitems", "{4365D99F-D2A9-4030-83CF-FF367240CE31}"
EndProject
Project("{8BC9CEB8-8B4A-11D0-8D11-00A0C91BC942}") = "Wire-2.0.0", "Libraries\Wire\2.0.0\Wire\Wire-2.0.0.vcxitems", "{A5324A00-7AB9-49E6-A940-63F4778D34B1}"
EndProject
Project("{8BC9CEB8-8B4A-11D0-8D11-00A0C91BC942}") = "ArduinoJson-6.19.1", "Libraries\ArduinoJson\6.19.1\ArduinoJson\ArduinoJson-6.19.1.vcxitems", "{B979FCC6-EADB-45F2-94E8-2F7AFB2DFCD8}"
EndProject
Project("{8BC9CEB8-8B4A-11D0-8D11-00A0C91BC942}") = "Vector-1.2.1", "Libraries\Vector\1.2.1\Vector\Vector-1.2.1.vcxitems", "{E1E33123-114A-4414-81DB-CA7844556ADB}"
EndProject
Project("{8BC9CEB8-8B4A-11D0-8D11-00A0C91BC942}") = "ArduinoOTA-2.0.0", "Libraries\ArduinoOTA\2.0.0\ArduinoOTA\ArduinoOTA-2.0.0.vcxitems", "{0369AF19-C82B-4FC0-ABF2-457CDE104A02}"
EndProject
Project("{8BC9CEB8-8B4A-11D0-8D11-00A0C91BC942}") = "WiFi-2.0.0", "Libraries\WiFi\2.0.0\WiFi\WiFi-2.0.0.vcxitems", "{680C508A-349D-48E7-AA16-FE98D493C1E1}"
EndProject
Project("{8BC9CEB8-8B4A-11D0-8D11-00A0C91BC942}") = "UUID-0.1.3", "Libraries\UUID\0.1.3\UUID\UUID-0.1.3.vcxitems", "{4E0D64A9-662F-4D3C-92A3-3629A2A9849E}"
EndProject
Project("{8BC9CEB8-8B4A-11D0-8D11-00A0C91BC942}") = "LittleFS-2.0.0", "Libraries\LittleFS\2.0.0\LittleFS\LittleFS-2.0.0.vcxitems", "{46B3CA32-9289-4BDC-ACEC-D88F2D747AB1}"
EndProject
Project("{8BC9CEB8-8B4A-11D0-8D11-00A0C91BC942}") = "FS-2.0.0", "Libraries\FS\2.0.0\FS\FS-2.0.0.vcxitems", "{9913BF66-AC34-447D-A487-4FAC5AA94ABF}"
EndProject
Project("{8BC9CEB8-8B4A-11D0-8D11-00A0C91BC942}") = "fGMSSimpleModule", "fGMSSimpleModule\fGMSSimpleModule.vcxproj", "{C5F80730-F44F-4478-BDAE-6634EFC2CA88}"
EndProject
Project("{8BC9CEB8-8B4A-11D0-8D11-00A0C91BC942}") = "fGMSController", "fGMSController\fGMSController.vcxproj", "{3BBC96DF-BDBA-451B-BE3B-5E2BC7323F6B}"
EndProject
Project("{8BC9CEB8-8B4A-11D0-8D11-00A0C91BC942}") = "CircularBuffer-1.3.3", "Libraries\CircularBuffer\1.3.3\CircularBuffer\CircularBuffer-1.3.3.vcxitems", "{8AD53C0A-98D1-49D9-A2C5-61DAB45C789E}"
EndProject
Project("{8BC9CEB8-8B4A-11D0-8D11-00A0C91BC942}") = "Dictionary-3.3.0", "Libraries\Dictionary\3.3.0\Dictionary\Dictionary-3.3.0.vcxitems", "{82C9CB43-A1D1-414A-9820-8D4B3059AF4F}"
EndProject
Project("{8BC9CEB8-8B4A-11D0-8D11-00A0C91BC942}") = "I2CTestConsole", "I2CTestConsole\I2CTestConsole.vcxproj", "{E3571D26-DD49-4E07-B263-7A936B403AE8}"
EndProject
Project("{8BC9CEB8-8B4A-11D0-8D11-00A0C91BC942}") = "ESP32_I2C_Slave-0.3.0", "Libraries\ESP32_I2C_Slave\0.3.0\ESP32_I2C_Slave\ESP32_I2C_Slave-0.3.0.vcxitems", "{07ECE8A4-C0BF-4C22-9D66-DF2236A71167}"
EndProject
Project("{8BC9CEB8-8B4A-11D0-8D11-00A0C91BC942}") = "fGUI", "fGUI\fGUI.vcxitems", "{75E73181-F062-40D5-B487-7FC0AA6043F5}"
EndProject
Project("{8BC9CEB8-8B4A-11D0-8D11-00A0C91BC942}") = "TFT_eSPI-2.4.72", "Libraries\TFT_eSPI\2.4.72\TFT_eSPI\TFT_eSPI-2.4.72.vcxitems", "{9E3C4939-DE1F-4517-AB5B-2B4D941138C9}"
EndProject
Project("{8BC9CEB8-8B4A-11D0-8D11-00A0C91BC942}") = "Encoder-1.4.2", "Libraries\Encoder\1.4.2\Encoder\Encoder-1.4.2.vcxitems", "{6B218C45-1454-4DEF-838C-778C48241479}"
EndProject
Project("{8BC9CEB8-8B4A-11D0-8D11-00A0C91BC942}") = "ESP32Encoder-0.9.1", "Libraries\ESP32Encoder\0.9.1\ESP32Encoder\ESP32Encoder-0.9.1.vcxitems", "{4EA753B4-2797-44B2-A9E0-6F0DD2F4A311}"
EndProject
Project("{8BC9CEB8-8B4A-11D0-8D11-00A0C91BC942}") = "fGMSHygrometerController", "fGMSHygrometerController\fGMSHygrometerController.vcxproj", "{5E71D505-8F00-4C26-AE82-33BA12859D11}"
EndProject
Project("{8BC9CEB8-8B4A-11D0-8D11-00A0C91BC942}") = "Adafruit_ADS1X15-2.4.0", "Libraries\Adafruit_ADS1X15\2.4.0\Adafruit_ADS1X15\Adafruit_ADS1X15-2.4.0.vcxitems", "{635DC999-4A50-420D-B471-50FE7588F2DE}"
EndProject
Project("{8BC9CEB8-8B4A-11D0-8D11-00A0C91BC942}") = "SPI-2.0.0", "Libraries\SPI\2.0.0\SPI\SPI-2.0.0.vcxitems", "{968EA682-1816-414D-AB4D-B1E92873A3F7}"
EndProject
Project("{8BC9CEB8-8B4A-11D0-8D11-00A0C91BC942}") = "fGMSValveCtl", "fGMSValveCtl\fGMSValveCtl.vcxproj", "{39778CE5-6BFE-498B-841F-8432A1D75D29}"
EndProject
Project("{8BC9CEB8-8B4A-11D0-8D11-00A0C91BC942}") = "fGMSAir", "fGMSAir\fGMSAir.vcxproj", "{4E22907E-0341-4F4D-BB8F-E6BAA1ED6620}"
EndProject
Project("{8BC9CEB8-8B4A-11D0-8D11-00A0C91BC942}") = "Adafruit_SHT31_Library-2.1.0", "Libraries\Adafruit_SHT31_Library\2.1.0\Adafruit_SHT31_Library\Adafruit_SHT31_Library-2.1.0.vcxitems", "{B64C42D1-5A8A-423D-A58A-23DC9B598B8C}"
EndProject
Project("{8BC9CEB8-8B4A-11D0-8D11-00A0C91BC942}") = "ESPAsyncWebServer-master-1.2.3", "Libraries\ESPAsyncWebServer-master\1.2.3\ESPAsyncWebServer-master\ESPAsyncWebServer-master-1.2.3.vcxitems", "{CA1FA93C-5FB2-475F-BB65-850E83F30831}"
EndProject
Project("{8BC9CEB8-8B4A-11D0-8D11-00A0C91BC942}") = "NTPClient-3.2.1", "Libraries\NTPClient\3.2.1\NTPClient\NTPClient-3.2.1.vcxitems", "{2CB502D2-5494-4C34-9A76-9A815411E4DA}"
EndProject
Project("{8BC9CEB8-8B4A-11D0-8D11-00A0C91BC942}") = "fGMSLidController", "fGMSLidController\fGMSLidController.vcxproj", "{2D9161ED-544E-4494-A153-C59C2737A767}"
EndProject
Project("{8BC9CEB8-8B4A-11D0-8D11-00A0C91BC942}") = "fNET_ESPNOW Test", "fNET_ESPNOW Test\fNET_ESPNOW Test.vcxproj", "{1CCE90FE-B9C8-4087-AA0D-872B5C203FC2}"
EndProject
Project("{8BC9CEB8-8B4A-11D0-8D11-00A0C91BC942}") = "Painless_Mesh-1.5.0", "Libraries\Painless_Mesh\1.5.0\Painless_Mesh\Painless_Mesh-1.5.0.vcxitems", "{8093CF54-C557-4A8B-98F5-99F3A8CDD5F9}"
EndProject
Project("{8BC9CEB8-8B4A-11D0-8D11-00A0C91BC942}") = "TaskScheduler-3.7.0", "Libraries\TaskScheduler\3.7.0\TaskScheduler\TaskScheduler-3.7.0.vcxitems", "{2598A4F8-D7DB-4B8E-8FF9-313CE082D03E}"
EndProject
Project("{8BC9CEB8-8B4A-11D0-8D11-00A0C91BC942}") = "AsyncTCP-master-1.1.1", "Libraries\AsyncTCP-master\1.1.1\AsyncTCP-master\AsyncTCP-master-1.1.1.vcxitems", "{4CD16EA8-4556-453A-924E-1D4D0EFE8AA9}"
EndProject
Project("{8BC9CEB8-8B4A-11D0-8D11-00A0C91BC942}") = "SPIFFS-2.0.0", "Libraries\SPIFFS\2.0.0\SPIFFS\SPIFFS-2.0.0.vcxitems", "{DD218F94-4C4E-41FE-95D0-4492FE26E90D}"
EndProject
Project("{8BC9CEB8-8B4A-11D0-8D11-00A0C91BC942}") = "Update-2.0.0", "Libraries\Update\2.0.0\Update\Update-2.0.0.vcxitems", "{B7C32A48-144F-4A29-BAEF-20403B76FC84}"
EndProject
Project("{8BC9CEB8-8B4A-11D0-8D11-00A0C91BC942}") = "PNGenc-1.1.1", "Libraries\PNGenc\1.1.1\PNGenc\PNGenc-1.1.1.vcxitems", "{A970CB6A-0780-4678-8BA0-CB3160BF66DF}"
EndProject
Project("{8BC9CEB8-8B4A-11D0-8D11-00A0C91BC942}") = "fGMSControlPanel", "fGMSControlPanel\fGMSControlPanel.vcxproj", "{BCD2A9F1-B188-4EBB-B1B6-1A9DD3506081}"
EndProject
Project("{8BC9CEB8-8B4A-11D0-8D11-00A0C91BC942}") = "PCF8574-0.3.8", "Libraries\PCF8574\0.3.8\PCF8574\PCF8574-0.3.8.vcxitems", "{6F280A9D-6060-486F-AAB4-9E32858021F7}"
EndProject
Project("{8BC9CEB8-8B4A-11D0-8D11-00A0C91BC942}") = "SimpleFTPServer-2.1.4", "Libraries\SimpleFTPServer\2.1.4\SimpleFTPServer\SimpleFTPServer-2.1.4.vcxitems", "{4C7E7A82-B31B-43CE-9D1B-1CBDAF8D2B13}"
EndProject
Project("{8BC9CEB8-8B4A-11D0-8D11-00A0C91BC942}") = "FFat-2.0.0", "Libraries\FFat\2.0.0\FFat\FFat-2.0.0.vcxitems", "{64C24698-2CDB-4D35-BEE8-43540C2AC399}"
EndProject
Project("{8BC9CEB8-8B4A-11D0-8D11-00A0C91BC942}") = "AsyncElegantOTA-2.2.7", "Libraries\AsyncElegantOTA\2.2.7\AsyncElegantOTA\AsyncElegantOTA-2.2.7.vcxitems", "{6697BFAC-7286-4981-BF9B-CD1CBB494515}"
EndProject
Project("{8BC9CEB8-8B4A-11D0-8D11-00A0C91BC942}") = "RemoteUDPLogging", "RemoteUDPLogging\RemoteUDPLogging.vcxitems", "{2A13E4D2-0A6F-4323-AFEC-06AB5CACFD0A}"
EndProject
Global
	GlobalSection(SolutionConfigurationPlatforms) = preSolution
		Debug|ARM = Debug|ARM
		Release|ARM = Release|ARM
	EndGlobalSection
	GlobalSection(ProjectConfigurationPlatforms) = postSolution
		{C5F80730-F44F-4478-BDAE-6634EFC2CA88}.Debug|ARM.ActiveCfg = Debug|ARM
		{C5F80730-F44F-4478-BDAE-6634EFC2CA88}.Debug|ARM.Build.0 = Debug|ARM
		{C5F80730-F44F-4478-BDAE-6634EFC2CA88}.Debug|ARM.Deploy.0 = Debug|ARM
		{C5F80730-F44F-4478-BDAE-6634EFC2CA88}.Release|ARM.ActiveCfg = Release|ARM
		{C5F80730-F44F-4478-BDAE-6634EFC2CA88}.Release|ARM.Build.0 = Release|ARM
		{C5F80730-F44F-4478-BDAE-6634EFC2CA88}.Release|ARM.Deploy.0 = Release|ARM
		{3BBC96DF-BDBA-451B-BE3B-5E2BC7323F6B}.Debug|ARM.ActiveCfg = Debug|ARM
		{3BBC96DF-BDBA-451B-BE3B-5E2BC7323F6B}.Debug|ARM.Build.0 = Debug|ARM
		{3BBC96DF-BDBA-451B-BE3B-5E2BC7323F6B}.Debug|ARM.Deploy.0 = Debug|ARM
		{3BBC96DF-BDBA-451B-BE3B-5E2BC7323F6B}.Release|ARM.ActiveCfg = Release|ARM
		{3BBC96DF-BDBA-451B-BE3B-5E2BC7323F6B}.Release|ARM.Build.0 = Release|ARM
		{3BBC96DF-BDBA-451B-BE3B-5E2BC7323F6B}.Release|ARM.Deploy.0 = Release|ARM
		{E3571D26-DD49-4E07-B263-7A936B403AE8}.Debug|ARM.ActiveCfg = Debug|ARM
		{E3571D26-DD49-4E07-B263-7A936B403AE8}.Debug|ARM.Build.0 = Debug|ARM
		{E3571D26-DD49-4E07-B263-7A936B403AE8}.Debug|ARM.Deploy.0 = Debug|ARM
		{E3571D26-DD49-4E07-B263-7A936B403AE8}.Release|ARM.ActiveCfg = Release|ARM
		{E3571D26-DD49-4E07-B263-7A936B403AE8}.Release|ARM.Build.0 = Release|ARM
		{E3571D26-DD49-4E07-B263-7A936B403AE8}.Release|ARM.Deploy.0 = Release|ARM
		{5E71D505-8F00-4C26-AE82-33BA12859D11}.Debug|ARM.ActiveCfg = Debug|ARM
		{5E71D505-8F00-4C26-AE82-33BA12859D11}.Debug|ARM.Build.0 = Debug|ARM
		{5E71D505-8F00-4C26-AE82-33BA12859D11}.Debug|ARM.Deploy.0 = Debug|ARM
		{5E71D505-8F00-4C26-AE82-33BA12859D11}.Release|ARM.ActiveCfg = Release|ARM
		{5E71D505-8F00-4C26-AE82-33BA12859D11}.Release|ARM.Build.0 = Release|ARM
		{5E71D505-8F00-4C26-AE82-33BA12859D11}.Release|ARM.Deploy.0 = Release|ARM
		{39778CE5-6BFE-498B-841F-8432A1D75D29}.Debug|ARM.ActiveCfg = Debug|ARM
		{39778CE5-6BFE-498B-841F-8432A1D75D29}.Debug|ARM.Build.0 = Debug|ARM
		{39778CE5-6BFE-498B-841F-8432A1D75D29}.Debug|ARM.Deploy.0 = Debug|ARM
		{39778CE5-6BFE-498B-841F-8432A1D75D29}.Release|ARM.ActiveCfg = Release|ARM
		{39778CE5-6BFE-498B-841F-8432A1D75D29}.Release|ARM.Build.0 = Release|ARM
		{39778CE5-6BFE-498B-841F-8432A1D75D29}.Release|ARM.Deploy.0 = Release|ARM
		{4E22907E-0341-4F4D-BB8F-E6BAA1ED6620}.Debug|ARM.ActiveCfg = Debug|ARM
		{4E22907E-0341-4F4D-BB8F-E6BAA1ED6620}.Debug|ARM.Build.0 = Debug|ARM
		{4E22907E-0341-4F4D-BB8F-E6BAA1ED6620}.Debug|ARM.Deploy.0 = Debug|ARM
		{4E22907E-0341-4F4D-BB8F-E6BAA1ED6620}.Release|ARM.ActiveCfg = Release|ARM
		{4E22907E-0341-4F4D-BB8F-E6BAA1ED6620}.Release|ARM.Build.0 = Release|ARM
		{4E22907E-0341-4F4D-BB8F-E6BAA1ED6620}.Release|ARM.Deploy.0 = Release|ARM
		{2D9161ED-544E-4494-A153-C59C2737A767}.Debug|ARM.ActiveCfg = Debug|ARM
		{2D9161ED-544E-4494-A153-C59C2737A767}.Debug|ARM.Build.0 = Debug|ARM
		{2D9161ED-544E-4494-A153-C59C2737A767}.Debug|ARM.Deploy.0 = Debug|ARM
		{2D9161ED-544E-4494-A153-C59C2737A767}.Release|ARM.ActiveCfg = Release|ARM
		{2D9161ED-544E-4494-A153-C59C2737A767}.Release|ARM.Build.0 = Release|ARM
		{2D9161ED-544E-4494-A153-C59C2737A767}.Release|ARM.Deploy.0 = Release|ARM
		{1CCE90FE-B9C8-4087-AA0D-872B5C203FC2}.Debug|ARM.ActiveCfg = Debug|ARM
		{1CCE90FE-B9C8-4087-AA0D-872B5C203FC2}.Debug|ARM.Build.0 = Debug|ARM
		{1CCE90FE-B9C8-4087-AA0D-872B5C203FC2}.Debug|ARM.Deploy.0 = Debug|ARM
		{1CCE90FE-B9C8-4087-AA0D-872B5C203FC2}.Release|ARM.ActiveCfg = Release|ARM
		{1CCE90FE-B9C8-4087-AA0D-872B5C203FC2}.Release|ARM.Build.0 = Release|ARM
		{1CCE90FE-B9C8-4087-AA0D-872B5C203FC2}.Release|ARM.Deploy.0 = Release|ARM
		{BCD2A9F1-B188-4EBB-B1B6-1A9DD3506081}.Debug|ARM.ActiveCfg = Debug|ARM
		{BCD2A9F1-B188-4EBB-B1B6-1A9DD3506081}.Debug|ARM.Build.0 = Debug|ARM
		{BCD2A9F1-B188-4EBB-B1B6-1A9DD3506081}.Debug|ARM.Deploy.0 = Debug|ARM
		{BCD2A9F1-B188-4EBB-B1B6-1A9DD3506081}.Release|ARM.ActiveCfg = Release|ARM
		{BCD2A9F1-B188-4EBB-B1B6-1A9DD3506081}.Release|ARM.Build.0 = Release|ARM
		{BCD2A9F1-B188-4EBB-B1B6-1A9DD3506081}.Release|ARM.Deploy.0 = Release|ARM
	EndGlobalSection
	GlobalSection(SolutionProperties) = preSolution
		HideSolutionNode = FALSE
	EndGlobalSection
	GlobalSection(ExtensibilityGlobals) = postSolution
		SolutionGuid = {7D6C9155-6AC1-4710-A059-1E665BA1B12A}
	EndGlobalSection
	GlobalSection(SharedMSBuildProjectFiles) = preSolution
		Libraries\ArduinoOTA\2.0.0\ArduinoOTA\ArduinoOTA-2.0.0.vcxitems*{0369af19-c82b-4fc0-abf2-457cde104a02}*SharedItemsImports = 9
		Libraries\ESP32_I2C_Slave\0.3.0\ESP32_I2C_Slave\ESP32_I2C_Slave-0.3.0.vcxitems*{07ece8a4-c0bf-4c22-9d66-df2236a71167}*SharedItemsImports = 9
		fMCLib\fMCLib.vcxitems*{1cce90fe-b9c8-4087-aa0d-872b5c203fc2}*SharedItemsImports = 4
		Libraries\ArduinoJson\6.19.1\ArduinoJson\ArduinoJson-6.19.1.vcxitems*{1cce90fe-b9c8-4087-aa0d-872b5c203fc2}*SharedItemsImports = 4
		Libraries\AsyncTCP-master\1.1.1\AsyncTCP-master\AsyncTCP-master-1.1.1.vcxitems*{1cce90fe-b9c8-4087-aa0d-872b5c203fc2}*SharedItemsImports = 4
		Libraries\CircularBuffer\1.3.3\CircularBuffer\CircularBuffer-1.3.3.vcxitems*{1cce90fe-b9c8-4087-aa0d-872b5c203fc2}*SharedItemsImports = 4
		Libraries\FS\2.0.0\FS\FS-2.0.0.vcxitems*{1cce90fe-b9c8-4087-aa0d-872b5c203fc2}*SharedItemsImports = 4
		Libraries\LittleFS\2.0.0\LittleFS\LittleFS-2.0.0.vcxitems*{1cce90fe-b9c8-4087-aa0d-872b5c203fc2}*SharedItemsImports = 4
		Libraries\Painless_Mesh\1.5.0\Painless_Mesh\Painless_Mesh-1.5.0.vcxitems*{1cce90fe-b9c8-4087-aa0d-872b5c203fc2}*SharedItemsImports = 4
		Libraries\SPIFFS\2.0.0\SPIFFS\SPIFFS-2.0.0.vcxitems*{1cce90fe-b9c8-4087-aa0d-872b5c203fc2}*SharedItemsImports = 4
		Libraries\TaskScheduler\3.7.0\TaskScheduler\TaskScheduler-3.7.0.vcxitems*{1cce90fe-b9c8-4087-aa0d-872b5c203fc2}*SharedItemsImports = 4
		Libraries\WiFi\2.0.0\WiFi\WiFi-2.0.0.vcxitems*{1cce90fe-b9c8-4087-aa0d-872b5c203fc2}*SharedItemsImports = 4
		Libraries\TaskScheduler\3.7.0\TaskScheduler\TaskScheduler-3.7.0.vcxitems*{2598a4f8-d7db-4b8e-8ff9-313ce082d03e}*SharedItemsImports = 9
		RemoteUDPLogging\RemoteUDPLogging.vcxitems*{2a13e4d2-0a6f-4323-afec-06ab5cacfd0a}*SharedItemsImports = 9
		Libraries\NTPClient\3.2.1\NTPClient\NTPClient-3.2.1.vcxitems*{2cb502d2-5494-4c34-9a76-9a815411e4da}*SharedItemsImports = 9
		fMCLib\fMCLib.vcxitems*{2d9161ed-544e-4494-a153-c59c2737a767}*SharedItemsImports = 4
		Libraries\ArduinoJson\6.19.1\ArduinoJson\ArduinoJson-6.19.1.vcxitems*{2d9161ed-544e-4494-a153-c59c2737a767}*SharedItemsImports = 4
		Libraries\CircularBuffer\1.3.3\CircularBuffer\CircularBuffer-1.3.3.vcxitems*{2d9161ed-544e-4494-a153-c59c2737a767}*SharedItemsImports = 4
		Libraries\FS\2.0.0\FS\FS-2.0.0.vcxitems*{2d9161ed-544e-4494-a153-c59c2737a767}*SharedItemsImports = 4
		Libraries\LittleFS\2.0.0\LittleFS\LittleFS-2.0.0.vcxitems*{2d9161ed-544e-4494-a153-c59c2737a767}*SharedItemsImports = 4
		Libraries\TaskScheduler\3.7.0\TaskScheduler\TaskScheduler-3.7.0.vcxitems*{2d9161ed-544e-4494-a153-c59c2737a767}*SharedItemsImports = 4
		Libraries\WiFi\2.0.0\WiFi\WiFi-2.0.0.vcxitems*{2d9161ed-544e-4494-a153-c59c2737a767}*SharedItemsImports = 4
		Libraries\Wire\2.0.0\Wire\Wire-2.0.0.vcxitems*{2d9161ed-544e-4494-a153-c59c2737a767}*SharedItemsImports = 4
		fMCLib\fMCLib.vcxitems*{39778ce5-6bfe-498b-841f-8432a1d75d29}*SharedItemsImports = 4
		Libraries\ArduinoJson\6.19.1\ArduinoJson\ArduinoJson-6.19.1.vcxitems*{39778ce5-6bfe-498b-841f-8432a1d75d29}*SharedItemsImports = 4
		Libraries\CircularBuffer\1.3.3\CircularBuffer\CircularBuffer-1.3.3.vcxitems*{39778ce5-6bfe-498b-841f-8432a1d75d29}*SharedItemsImports = 4
		Libraries\FS\2.0.0\FS\FS-2.0.0.vcxitems*{39778ce5-6bfe-498b-841f-8432a1d75d29}*SharedItemsImports = 4
		Libraries\LittleFS\2.0.0\LittleFS\LittleFS-2.0.0.vcxitems*{39778ce5-6bfe-498b-841f-8432a1d75d29}*SharedItemsImports = 4
		Libraries\SPI\2.0.0\SPI\SPI-2.0.0.vcxitems*{39778ce5-6bfe-498b-841f-8432a1d75d29}*SharedItemsImports = 4
		Libraries\TaskScheduler\3.7.0\TaskScheduler\TaskScheduler-3.7.0.vcxitems*{39778ce5-6bfe-498b-841f-8432a1d75d29}*SharedItemsImports = 4
		Libraries\WiFi\2.0.0\WiFi\WiFi-2.0.0.vcxitems*{39778ce5-6bfe-498b-841f-8432a1d75d29}*SharedItemsImports = 4
		Libraries\Wire\2.0.0\Wire\Wire-2.0.0.vcxitems*{39778ce5-6bfe-498b-841f-8432a1d75d29}*SharedItemsImports = 4
		fGUI\fGUI.vcxitems*{3bbc96df-bdba-451b-be3b-5e2bc7323f6b}*SharedItemsImports = 4
		fMCLib\fMCLib.vcxitems*{3bbc96df-bdba-451b-be3b-5e2bc7323f6b}*SharedItemsImports = 4
		Libraries\ArduinoJson\6.19.1\ArduinoJson\ArduinoJson-6.19.1.vcxitems*{3bbc96df-bdba-451b-be3b-5e2bc7323f6b}*SharedItemsImports = 4
		Libraries\CircularBuffer\1.3.3\CircularBuffer\CircularBuffer-1.3.3.vcxitems*{3bbc96df-bdba-451b-be3b-5e2bc7323f6b}*SharedItemsImports = 4
		Libraries\ESP32Encoder\0.9.1\ESP32Encoder\ESP32Encoder-0.9.1.vcxitems*{3bbc96df-bdba-451b-be3b-5e2bc7323f6b}*SharedItemsImports = 4
		Libraries\FFat\2.0.0\FFat\FFat-2.0.0.vcxitems*{3bbc96df-bdba-451b-be3b-5e2bc7323f6b}*SharedItemsImports = 4
		Libraries\NTPClient\3.2.1\NTPClient\NTPClient-3.2.1.vcxitems*{3bbc96df-bdba-451b-be3b-5e2bc7323f6b}*SharedItemsImports = 4
		Libraries\Painless_Mesh\1.5.0\Painless_Mesh\Painless_Mesh-1.5.0.vcxitems*{3bbc96df-bdba-451b-be3b-5e2bc7323f6b}*SharedItemsImports = 4
		Libraries\PNGenc\1.1.1\PNGenc\PNGenc-1.1.1.vcxitems*{3bbc96df-bdba-451b-be3b-5e2bc7323f6b}*SharedItemsImports = 4
		Libraries\SimpleFTPServer\2.1.4\SimpleFTPServer\SimpleFTPServer-2.1.4.vcxitems*{3bbc96df-bdba-451b-be3b-5e2bc7323f6b}*SharedItemsImports = 4
		Libraries\SPIFFS\2.0.0\SPIFFS\SPIFFS-2.0.0.vcxitems*{3bbc96df-bdba-451b-be3b-5e2bc7323f6b}*SharedItemsImports = 4
		Libraries\TaskScheduler\3.7.0\TaskScheduler\TaskScheduler-3.7.0.vcxitems*{3bbc96df-bdba-451b-be3b-5e2bc7323f6b}*SharedItemsImports = 4
		Libraries\TFT_eSPI\2.4.72\TFT_eSPI\TFT_eSPI-2.4.72.vcxitems*{3bbc96df-bdba-451b-be3b-5e2bc7323f6b}*SharedItemsImports = 4
		Libraries\Update\2.0.0\Update\Update-2.0.0.vcxitems*{3bbc96df-bdba-451b-be3b-5e2bc7323f6b}*SharedItemsImports = 4
		RemoteUDPLogging\RemoteUDPLogging.vcxitems*{3bbc96df-bdba-451b-be3b-5e2bc7323f6b}*SharedItemsImports = 4
		fMCLib\fMCLib.vcxitems*{4365d99f-d2a9-4030-83cf-ff367240ce31}*SharedItemsImports = 9
		Libraries\LittleFS\2.0.0\LittleFS\LittleFS-2.0.0.vcxitems*{46b3ca32-9289-4bdc-acec-d88f2d747ab1}*SharedItemsImports = 9
		Libraries\SimpleFTPServer\2.1.4\SimpleFTPServer\SimpleFTPServer-2.1.4.vcxitems*{4c7e7a82-b31b-43ce-9d1b-1cbdaf8d2b13}*SharedItemsImports = 9
		Libraries\AsyncTCP-master\1.1.1\AsyncTCP-master\AsyncTCP-master-1.1.1.vcxitems*{4cd16ea8-4556-453a-924e-1d4d0efe8aa9}*SharedItemsImports = 9
		Libraries\UUID\0.1.3\UUID\UUID-0.1.3.vcxitems*{4e0d64a9-662f-4d3c-92a3-3629a2a9849e}*SharedItemsImports = 9
		fMCLib\fMCLib.vcxitems*{4e22907e-0341-4f4d-bb8f-e6baa1ed6620}*SharedItemsImports = 4
		Libraries\Adafruit_SHT31_Library\2.1.0\Adafruit_SHT31_Library\Adafruit_SHT31_Library-2.1.0.vcxitems*{4e22907e-0341-4f4d-bb8f-e6baa1ed6620}*SharedItemsImports = 4
		Libraries\ArduinoJson\6.19.1\ArduinoJson\ArduinoJson-6.19.1.vcxitems*{4e22907e-0341-4f4d-bb8f-e6baa1ed6620}*SharedItemsImports = 4
		Libraries\CircularBuffer\1.3.3\CircularBuffer\CircularBuffer-1.3.3.vcxitems*{4e22907e-0341-4f4d-bb8f-e6baa1ed6620}*SharedItemsImports = 4
		Libraries\FS\2.0.0\FS\FS-2.0.0.vcxitems*{4e22907e-0341-4f4d-bb8f-e6baa1ed6620}*SharedItemsImports = 4
		Libraries\LittleFS\2.0.0\LittleFS\LittleFS-2.0.0.vcxitems*{4e22907e-0341-4f4d-bb8f-e6baa1ed6620}*SharedItemsImports = 4
		Libraries\TaskScheduler\3.7.0\TaskScheduler\TaskScheduler-3.7.0.vcxitems*{4e22907e-0341-4f4d-bb8f-e6baa1ed6620}*SharedItemsImports = 4
		Libraries\Wire\2.0.0\Wire\Wire-2.0.0.vcxitems*{4e22907e-0341-4f4d-bb8f-e6baa1ed6620}*SharedItemsImports = 4
		Libraries\ESP32Encoder\0.9.1\ESP32Encoder\ESP32Encoder-0.9.1.vcxitems*{4ea753b4-2797-44b2-a9e0-6f0dd2f4a311}*SharedItemsImports = 9
		fMCLib\fMCLib.vcxitems*{5e71d505-8f00-4c26-ae82-33ba12859d11}*SharedItemsImports = 4
		Libraries\Adafruit_ADS1X15\2.4.0\Adafruit_ADS1X15\Adafruit_ADS1X15-2.4.0.vcxitems*{5e71d505-8f00-4c26-ae82-33ba12859d11}*SharedItemsImports = 4
		Libraries\ArduinoJson\6.19.1\ArduinoJson\ArduinoJson-6.19.1.vcxitems*{5e71d505-8f00-4c26-ae82-33ba12859d11}*SharedItemsImports = 4
		Libraries\CircularBuffer\1.3.3\CircularBuffer\CircularBuffer-1.3.3.vcxitems*{5e71d505-8f00-4c26-ae82-33ba12859d11}*SharedItemsImports = 4
		Libraries\FS\2.0.0\FS\FS-2.0.0.vcxitems*{5e71d505-8f00-4c26-ae82-33ba12859d11}*SharedItemsImports = 4
		Libraries\LittleFS\2.0.0\LittleFS\LittleFS-2.0.0.vcxitems*{5e71d505-8f00-4c26-ae82-33ba12859d11}*SharedItemsImports = 4
		Libraries\SPI\2.0.0\SPI\SPI-2.0.0.vcxitems*{5e71d505-8f00-4c26-ae82-33ba12859d11}*SharedItemsImports = 4
		Libraries\TaskScheduler\3.7.0\TaskScheduler\TaskScheduler-3.7.0.vcxitems*{5e71d505-8f00-4c26-ae82-33ba12859d11}*SharedItemsImports = 4
		Libraries\WiFi\2.0.0\WiFi\WiFi-2.0.0.vcxitems*{5e71d505-8f00-4c26-ae82-33ba12859d11}*SharedItemsImports = 4
		Libraries\Wire\2.0.0\Wire\Wire-2.0.0.vcxitems*{5e71d505-8f00-4c26-ae82-33ba12859d11}*SharedItemsImports = 4
		Libraries\Adafruit_ADS1X15\2.4.0\Adafruit_ADS1X15\Adafruit_ADS1X15-2.4.0.vcxitems*{635dc999-4a50-420d-b471-50fe7588f2de}*SharedItemsImports = 9
		Libraries\FFat\2.0.0\FFat\FFat-2.0.0.vcxitems*{64c24698-2cdb-4d35-bee8-43540c2ac399}*SharedItemsImports = 9
		Libraries\AsyncElegantOTA\2.2.7\AsyncElegantOTA\AsyncElegantOTA-2.2.7.vcxitems*{6697bfac-7286-4981-bf9b-cd1cbb494515}*SharedItemsImports = 9
		Libraries\WiFi\2.0.0\WiFi\WiFi-2.0.0.vcxitems*{680c508a-349d-48e7-aa16-fe98d493c1e1}*SharedItemsImports = 9
		Libraries\Encoder\1.4.2\Encoder\Encoder-1.4.2.vcxitems*{6b218c45-1454-4def-838c-778c48241479}*SharedItemsImports = 9
		Libraries\PCF8574\0.3.8\PCF8574\PCF8574-0.3.8.vcxitems*{6f280a9d-6060-486f-aab4-9e32858021f7}*SharedItemsImports = 9
		fGUI\fGUI.vcxitems*{75e73181-f062-40d5-b487-7fc0aa6043f5}*SharedItemsImports = 9
		Libraries\Painless_Mesh\1.5.0\Painless_Mesh\Painless_Mesh-1.5.0.vcxitems*{8093cf54-c557-4a8b-98f5-99f3a8cdd5f9}*SharedItemsImports = 9
		Libraries\Dictionary\3.3.0\Dictionary\Dictionary-3.3.0.vcxitems*{82c9cb43-a1d1-414a-9820-8d4b3059af4f}*SharedItemsImports = 9
		Libraries\CircularBuffer\1.3.3\CircularBuffer\CircularBuffer-1.3.3.vcxitems*{8ad53c0a-98d1-49d9-a2c5-61dab45c789e}*SharedItemsImports = 9
		Libraries\SPI\2.0.0\SPI\SPI-2.0.0.vcxitems*{968ea682-1816-414d-ab4d-b1e92873a3f7}*SharedItemsImports = 9
		Libraries\FS\2.0.0\FS\FS-2.0.0.vcxitems*{9913bf66-ac34-447d-a487-4fac5aa94abf}*SharedItemsImports = 9
		Libraries\TFT_eSPI\2.4.72\TFT_eSPI\TFT_eSPI-2.4.72.vcxitems*{9e3c4939-de1f-4517-ab5b-2b4d941138c9}*SharedItemsImports = 9
		Libraries\Wire\2.0.0\Wire\Wire-2.0.0.vcxitems*{a5324a00-7ab9-49e6-a940-63f4778d34b1}*SharedItemsImports = 9
		Libraries\PNGenc\1.1.1\PNGenc\PNGenc-1.1.1.vcxitems*{a970cb6a-0780-4678-8ba0-cb3160bf66df}*SharedItemsImports = 9
		Libraries\Adafruit_SHT31_Library\2.1.0\Adafruit_SHT31_Library\Adafruit_SHT31_Library-2.1.0.vcxitems*{b64c42d1-5a8a-423d-a58a-23dc9b598b8c}*SharedItemsImports = 9
		Libraries\Update\2.0.0\Update\Update-2.0.0.vcxitems*{b7c32a48-144f-4a29-baef-20403b76fc84}*SharedItemsImports = 9
		Libraries\ArduinoJson\6.19.1\ArduinoJson\ArduinoJson-6.19.1.vcxitems*{b979fcc6-eadb-45f2-94e8-2f7afb2dfcd8}*SharedItemsImports = 9
		fMCLib\fMCLib.vcxitems*{bcd2a9f1-b188-4ebb-b1b6-1a9dd3506081}*SharedItemsImports = 4
		Libraries\ArduinoJson\6.19.1\ArduinoJson\ArduinoJson-6.19.1.vcxitems*{bcd2a9f1-b188-4ebb-b1b6-1a9dd3506081}*SharedItemsImports = 4
		Libraries\AsyncTCP-master\1.1.1\AsyncTCP-master\AsyncTCP-master-1.1.1.vcxitems*{bcd2a9f1-b188-4ebb-b1b6-1a9dd3506081}*SharedItemsImports = 4
		Libraries\CircularBuffer\1.3.3\CircularBuffer\CircularBuffer-1.3.3.vcxitems*{bcd2a9f1-b188-4ebb-b1b6-1a9dd3506081}*SharedItemsImports = 4
		Libraries\FS\2.0.0\FS\FS-2.0.0.vcxitems*{bcd2a9f1-b188-4ebb-b1b6-1a9dd3506081}*SharedItemsImports = 4
		Libraries\LittleFS\2.0.0\LittleFS\LittleFS-2.0.0.vcxitems*{bcd2a9f1-b188-4ebb-b1b6-1a9dd3506081}*SharedItemsImports = 4
		Libraries\Painless_Mesh\1.5.0\Painless_Mesh\Painless_Mesh-1.5.0.vcxitems*{bcd2a9f1-b188-4ebb-b1b6-1a9dd3506081}*SharedItemsImports = 4
		Libraries\PCF8574\0.3.8\PCF8574\PCF8574-0.3.8.vcxitems*{bcd2a9f1-b188-4ebb-b1b6-1a9dd3506081}*SharedItemsImports = 4
		Libraries\TaskScheduler\3.7.0\TaskScheduler\TaskScheduler-3.7.0.vcxitems*{bcd2a9f1-b188-4ebb-b1b6-1a9dd3506081}*SharedItemsImports = 4
		Libraries\Update\2.0.0\Update\Update-2.0.0.vcxitems*{bcd2a9f1-b188-4ebb-b1b6-1a9dd3506081}*SharedItemsImports = 4
		Libraries\WiFi\2.0.0\WiFi\WiFi-2.0.0.vcxitems*{bcd2a9f1-b188-4ebb-b1b6-1a9dd3506081}*SharedItemsImports = 4
		Libraries\Wire\2.0.0\Wire\Wire-2.0.0.vcxitems*{bcd2a9f1-b188-4ebb-b1b6-1a9dd3506081}*SharedItemsImports = 4
		fMCLib\fMCLib.vcxitems*{c5f80730-f44f-4478-bdae-6634efc2ca88}*SharedItemsImports = 4
		Libraries\ArduinoJson\6.19.1\ArduinoJson\ArduinoJson-6.19.1.vcxitems*{c5f80730-f44f-4478-bdae-6634efc2ca88}*SharedItemsImports = 4
		Libraries\ArduinoOTA\2.0.0\ArduinoOTA\ArduinoOTA-2.0.0.vcxitems*{c5f80730-f44f-4478-bdae-6634efc2ca88}*SharedItemsImports = 4
		Libraries\CircularBuffer\1.3.3\CircularBuffer\CircularBuffer-1.3.3.vcxitems*{c5f80730-f44f-4478-bdae-6634efc2ca88}*SharedItemsImports = 4
		Libraries\Dictionary\3.3.0\Dictionary\Dictionary-3.3.0.vcxitems*{c5f80730-f44f-4478-bdae-6634efc2ca88}*SharedItemsImports = 4
		Libraries\ESP32_I2C_Slave\0.3.0\ESP32_I2C_Slave\ESP32_I2C_Slave-0.3.0.vcxitems*{c5f80730-f44f-4478-bdae-6634efc2ca88}*SharedItemsImports = 4
		Libraries\FS\2.0.0\FS\FS-2.0.0.vcxitems*{c5f80730-f44f-4478-bdae-6634efc2ca88}*SharedItemsImports = 4
		Libraries\LittleFS\2.0.0\LittleFS\LittleFS-2.0.0.vcxitems*{c5f80730-f44f-4478-bdae-6634efc2ca88}*SharedItemsImports = 4
		Libraries\Painless_Mesh\1.5.0\Painless_Mesh\Painless_Mesh-1.5.0.vcxitems*{c5f80730-f44f-4478-bdae-6634efc2ca88}*SharedItemsImports = 4
		Libraries\PNGenc\1.1.1\PNGenc\PNGenc-1.1.1.vcxitems*{c5f80730-f44f-4478-bdae-6634efc2ca88}*SharedItemsImports = 4
		Libraries\TaskScheduler\3.7.0\TaskScheduler\TaskScheduler-3.7.0.vcxitems*{c5f80730-f44f-4478-bdae-6634efc2ca88}*SharedItemsImports = 4
		Libraries\UUID\0.1.3\UUID\UUID-0.1.3.vcxitems*{c5f80730-f44f-4478-bdae-6634efc2ca88}*SharedItemsImports = 4
		Libraries\Vector\1.2.1\Vector\Vector-1.2.1.vcxitems*{c5f80730-f44f-4478-bdae-6634efc2ca88}*SharedItemsImports = 4
		Libraries\WiFi\2.0.0\WiFi\WiFi-2.0.0.vcxitems*{c5f80730-f44f-4478-bdae-6634efc2ca88}*SharedItemsImports = 4
		Libraries\Wire\2.0.0\Wire\Wire-2.0.0.vcxitems*{c5f80730-f44f-4478-bdae-6634efc2ca88}*SharedItemsImports = 4
		Libraries\ESPAsyncWebServer-master\1.2.3\ESPAsyncWebServer-master\ESPAsyncWebServer-master-1.2.3.vcxitems*{ca1fa93c-5fb2-475f-bb65-850e83f30831}*SharedItemsImports = 9
		Libraries\SPIFFS\2.0.0\SPIFFS\SPIFFS-2.0.0.vcxitems*{dd218f94-4c4e-41fe-95d0-4492fe26e90d}*SharedItemsImports = 9
		Libraries\Vector\1.2.1\Vector\Vector-1.2.1.vcxitems*{e1e33123-114a-4414-81db-ca7844556adb}*SharedItemsImports = 9
		Libraries\Wire\2.0.0\Wire\Wire-2.0.0.vcxitems*{e3571d26-dd49-4e07-b263-7a936b403ae8}*SharedItemsImports = 4
	EndGlobalSection
EndGlobal
